
Microsoft Visual Studio Solution File, Format Version 12.00
# Visual Studio Version 16
VisualStudioVersion = 16.0.30717.126
MinimumVisualStudioVersion = 10.0.40219.1
Project("{FAE04EC0-301F-11D3-BF4B-00C04F79EFBC}") = "04122020_2", "04122020_2.csproj", "{9BE183D6-6FBA-44A1-8A14-67577C43434B}"
EndProject
Global
	GlobalSection(SolutionConfigurationPlatforms) = preSolution
		Debug|Any CPU = Debug|Any CPU
		Release|Any CPU = Release|Any CPU
	EndGlobalSection
	GlobalSection(ProjectConfigurationPlatforms) = postSolution
		{9BE183D6-6FBA-44A1-8A14-67577C43434B}.Debug|Any CPU.ActiveCfg = Debug|Any CPU
		{9BE183D6-6FBA-44A1-8A14-67577C43434B}.Debug|Any CPU.Build.0 = Debug|Any CPU
		{9BE183D6-6FBA-44A1-8A14-67577C43434B}.Release|Any CPU.ActiveCfg = Release|Any CPU
		{9BE183D6-6FBA-44A1-8A14-67577C43434B}.Release|Any CPU.Build.0 = Release|Any CPU
	EndGlobalSection
	GlobalSection(SolutionProperties) = preSolution
		HideSolutionNode = FALSE
	EndGlobalSection
	GlobalSection(ExtensibilityGlobals) = postSolution
		SolutionGuid = {8DDD8404-82C4-4459-B097-41A4A91E02C2}
	EndGlobalSection
EndGlobal
